
Microsoft Visual Studio Solution File, Format Version 12.00
# Visual Studio Version 17
VisualStudioVersion = 17.9.34622.214
MinimumVisualStudioVersion = 10.0.40219.1
Project("{9A19103F-16F7-4668-BE54-9A1E7A4F7556}") = "Entity", "Entity\Entity.csproj", "{88AF846D-BFC6-4042-B2F4-6430D6746CC4}"
EndProject
Project("{9A19103F-16F7-4668-BE54-9A1E7A4F7556}") = "Data", "Data\Data.csproj", "{033BD07D-2702-4C11-92DC-00F9FDC868B3}"
EndProject
Project("{9A19103F-16F7-4668-BE54-9A1E7A4F7556}") = "Business", "Business\Business.csproj", "{BBF8DCE1-3A6B-43A2-AEC3-106E74199422}"
EndProject
Project("{9A19103F-16F7-4668-BE54-9A1E7A4F7556}") = "DTO", "DTO\DTO.csproj", "{1AD25EDE-75BE-468A-AE38-D1295A0A7924}"
EndProject
Project("{9A19103F-16F7-4668-BE54-9A1E7A4F7556}") = "Validation", "ValidationRules\Validation.csproj", "{432DBB90-9BFB-4840-9115-9CFA4579721A}"
EndProject
Project("{9A19103F-16F7-4668-BE54-9A1E7A4F7556}") = "Client", "Presentation\Client.csproj", "{2530E5E0-CBB7-4775-BE7C-2E1BCD715F5F}"
EndProject
Project("{FAE04EC0-301F-11D3-BF4B-00C04F79EFBC}") = "API", "APII\API.csproj", "{DF6D90EA-26DF-4219-B785-C862B2647BD7}"
EndProject
Global
	GlobalSection(SolutionConfigurationPlatforms) = preSolution
		Debug|Any CPU = Debug|Any CPU
		Release|Any CPU = Release|Any CPU
	EndGlobalSection
	GlobalSection(ProjectConfigurationPlatforms) = postSolution
		{88AF846D-BFC6-4042-B2F4-6430D6746CC4}.Debug|Any CPU.ActiveCfg = Debug|Any CPU
		{88AF846D-BFC6-4042-B2F4-6430D6746CC4}.Debug|Any CPU.Build.0 = Debug|Any CPU
		{88AF846D-BFC6-4042-B2F4-6430D6746CC4}.Release|Any CPU.ActiveCfg = Release|Any CPU
		{88AF846D-BFC6-4042-B2F4-6430D6746CC4}.Release|Any CPU.Build.0 = Release|Any CPU
		{033BD07D-2702-4C11-92DC-00F9FDC868B3}.Debug|Any CPU.ActiveCfg = Debug|Any CPU
		{033BD07D-2702-4C11-92DC-00F9FDC868B3}.Debug|Any CPU.Build.0 = Debug|Any CPU
		{033BD07D-2702-4C11-92DC-00F9FDC868B3}.Release|Any CPU.ActiveCfg = Release|Any CPU
		{033BD07D-2702-4C11-92DC-00F9FDC868B3}.Release|Any CPU.Build.0 = Release|Any CPU
		{BBF8DCE1-3A6B-43A2-AEC3-106E74199422}.Debug|Any CPU.ActiveCfg = Debug|Any CPU
		{BBF8DCE1-3A6B-43A2-AEC3-106E74199422}.Debug|Any CPU.Build.0 = Debug|Any CPU
		{BBF8DCE1-3A6B-43A2-AEC3-106E74199422}.Release|Any CPU.ActiveCfg = Release|Any CPU
		{BBF8DCE1-3A6B-43A2-AEC3-106E74199422}.Release|Any CPU.Build.0 = Release|Any CPU
		{1AD25EDE-75BE-468A-AE38-D1295A0A7924}.Debug|Any CPU.ActiveCfg = Debug|Any CPU
		{1AD25EDE-75BE-468A-AE38-D1295A0A7924}.Debug|Any CPU.Build.0 = Debug|Any CPU
		{1AD25EDE-75BE-468A-AE38-D1295A0A7924}.Release|Any CPU.ActiveCfg = Release|Any CPU
		{1AD25EDE-75BE-468A-AE38-D1295A0A7924}.Release|Any CPU.Build.0 = Release|Any CPU
		{432DBB90-9BFB-4840-9115-9CFA4579721A}.Debug|Any CPU.ActiveCfg = Debug|Any CPU
		{432DBB90-9BFB-4840-9115-9CFA4579721A}.Debug|Any CPU.Build.0 = Debug|Any CPU
		{432DBB90-9BFB-4840-9115-9CFA4579721A}.Release|Any CPU.ActiveCfg = Release|Any CPU
		{432DBB90-9BFB-4840-9115-9CFA4579721A}.Release|Any CPU.Build.0 = Release|Any CPU
		{2530E5E0-CBB7-4775-BE7C-2E1BCD715F5F}.Debug|Any CPU.ActiveCfg = Debug|Any CPU
		{2530E5E0-CBB7-4775-BE7C-2E1BCD715F5F}.Debug|Any CPU.Build.0 = Debug|Any CPU
		{2530E5E0-CBB7-4775-BE7C-2E1BCD715F5F}.Release|Any CPU.ActiveCfg = Release|Any CPU
		{2530E5E0-CBB7-4775-BE7C-2E1BCD715F5F}.Release|Any CPU.Build.0 = Release|Any CPU
		{DF6D90EA-26DF-4219-B785-C862B2647BD7}.Debug|Any CPU.ActiveCfg = Debug|Any CPU
		{DF6D90EA-26DF-4219-B785-C862B2647BD7}.Debug|Any CPU.Build.0 = Debug|Any CPU
		{DF6D90EA-26DF-4219-B785-C862B2647BD7}.Release|Any CPU.ActiveCfg = Release|Any CPU
		{DF6D90EA-26DF-4219-B785-C862B2647BD7}.Release|Any CPU.Build.0 = Release|Any CPU
	EndGlobalSection
	GlobalSection(SolutionProperties) = preSolution
		HideSolutionNode = FALSE
	EndGlobalSection
	GlobalSection(ExtensibilityGlobals) = postSolution
		SolutionGuid = {B18C9F48-CA12-4656-A01C-14AC1E08A1D5}
	EndGlobalSection
EndGlobal
